
Microsoft Visual Studio Solution File, Format Version 12.00
# Visual Studio Version 17
VisualStudioVersion = 17.11.35327.3
MinimumVisualStudioVersion = 10.0.40219.1
Project("{9A19103F-16F7-4668-BE54-9A1E7A4F7556}") = "MixerApp", "Mixerapp\MixerApp.csproj", "{2ADD79FA-640F-4BCE-8C24-C19A0EAE02E6}"
EndProject
Global
	GlobalSection(SolutionConfigurationPlatforms) = preSolution
		Debug|ARM64 = Debug|ARM64
		Debug|x64 = Debug|x64
		Debug|x86 = Debug|x86
		Release|ARM64 = Release|ARM64
		Release|x64 = Release|x64
		Release|x86 = Release|x86
	EndGlobalSection
	GlobalSection(ProjectConfigurationPlatforms) = postSolution
		{2ADD79FA-640F-4BCE-8C24-C19A0EAE02E6}.Debug|ARM64.ActiveCfg = Debug|ARM64
		{2ADD79FA-640F-4BCE-8C24-C19A0EAE02E6}.Debug|ARM64.Build.0 = Debug|ARM64
		{2ADD79FA-640F-4BCE-8C24-C19A0EAE02E6}.Debug|ARM64.Deploy.0 = Debug|ARM64
		{2ADD79FA-640F-4BCE-8C24-C19A0EAE02E6}.Debug|x64.ActiveCfg = Debug|x86
		{2ADD79FA-640F-4BCE-8C24-C19A0EAE02E6}.Debug|x64.Build.0 = Debug|x86
		{2ADD79FA-640F-4BCE-8C24-C19A0EAE02E6}.Debug|x64.Deploy.0 = Debug|x86
		{2ADD79FA-640F-4BCE-8C24-C19A0EAE02E6}.Debug|x86.ActiveCfg = Debug|x86
		{2ADD79FA-640F-4BCE-8C24-C19A0EAE02E6}.Debug|x86.Build.0 = Debug|x86
		{2ADD79FA-640F-4BCE-8C24-C19A0EAE02E6}.Debug|x86.Deploy.0 = Debug|x86
		{2ADD79FA-640F-4BCE-8C24-C19A0EAE02E6}.Release|ARM64.ActiveCfg = Release|ARM64
		{2ADD79FA-640F-4BCE-8C24-C19A0EAE02E6}.Release|ARM64.Build.0 = Release|ARM64
		{2ADD79FA-640F-4BCE-8C24-C19A0EAE02E6}.Release|ARM64.Deploy.0 = Release|ARM64
		{2ADD79FA-640F-4BCE-8C24-C19A0EAE02E6}.Release|x64.ActiveCfg = Release|x64
		{2ADD79FA-640F-4BCE-8C24-C19A0EAE02E6}.Release|x64.Build.0 = Release|x64
		{2ADD79FA-640F-4BCE-8C24-C19A0EAE02E6}.Release|x64.Deploy.0 = Release|x64
		{2ADD79FA-640F-4BCE-8C24-C19A0EAE02E6}.Release|x86.ActiveCfg = Release|x86
		{2ADD79FA-640F-4BCE-8C24-C19A0EAE02E6}.Release|x86.Build.0 = Release|x86
		{2ADD79FA-640F-4BCE-8C24-C19A0EAE02E6}.Release|x86.Deploy.0 = Release|x86
	EndGlobalSection
	GlobalSection(SolutionProperties) = preSolution
		HideSolutionNode = FALSE
	EndGlobalSection
	GlobalSection(ExtensibilityGlobals) = postSolution
		SolutionGuid = {4517FF9D-4309-43CC-97D1-89D160ACFA2E}
	EndGlobalSection
EndGlobal
